
Microsoft Visual Studio Solution File, Format Version 12.00
# Visual Studio Version 17
VisualStudioVersion = 17.11.35327.3
MinimumVisualStudioVersion = 10.0.40219.1
Project("{FAE04EC0-301F-11D3-BF4B-00C04F79EFBC}") = "EShopDK", "EShopDK\EShopDK.csproj", "{688BCE9B-2874-4D48-843E-F6A5B6FE52C8}"
EndProject
Global
	GlobalSection(SolutionConfigurationPlatforms) = preSolution
		Debug|Any CPU = Debug|Any CPU
		Release|Any CPU = Release|Any CPU
	EndGlobalSection
	GlobalSection(ProjectConfigurationPlatforms) = postSolution
		{688BCE9B-2874-4D48-843E-F6A5B6FE52C8}.Debug|Any CPU.ActiveCfg = Debug|Any CPU
		{688BCE9B-2874-4D48-843E-F6A5B6FE52C8}.Debug|Any CPU.Build.0 = Debug|Any CPU
		{688BCE9B-2874-4D48-843E-F6A5B6FE52C8}.Release|Any CPU.ActiveCfg = Release|Any CPU
		{688BCE9B-2874-4D48-843E-F6A5B6FE52C8}.Release|Any CPU.Build.0 = Release|Any CPU
	EndGlobalSection
	GlobalSection(SolutionProperties) = preSolution
		HideSolutionNode = FALSE
	EndGlobalSection
	GlobalSection(ExtensibilityGlobals) = postSolution
		SolutionGuid = {50CD1691-D8FF-47F2-B923-76AD9FD7F645}
	EndGlobalSection
EndGlobal
